
Microsoft Visual Studio Solution File, Format Version 12.00
# Visual Studio Version 17
VisualStudioVersion = 17.14.36310.24 d17.14
MinimumVisualStudioVersion = 10.0.40219.1
Project("{FAE04EC0-301F-11D3-BF4B-00C04F79EFBC}") = "ProjectManagerProto", "ProjectManagerProto\ProjectManagerProto.csproj", "{462CB589-3E90-428D-BE6C-15A43F813BAB}"
EndProject
Global
	GlobalSection(SolutionConfigurationPlatforms) = preSolution
		Debug|Any CPU = Debug|Any CPU
		Release|Any CPU = Release|Any CPU
	EndGlobalSection
	GlobalSection(ProjectConfigurationPlatforms) = postSolution
		{462CB589-3E90-428D-BE6C-15A43F813BAB}.Debug|Any CPU.ActiveCfg = Debug|Any CPU
		{462CB589-3E90-428D-BE6C-15A43F813BAB}.Debug|Any CPU.Build.0 = Debug|Any CPU
		{462CB589-3E90-428D-BE6C-15A43F813BAB}.Release|Any CPU.ActiveCfg = Release|Any CPU
		{462CB589-3E90-428D-BE6C-15A43F813BAB}.Release|Any CPU.Build.0 = Release|Any CPU
	EndGlobalSection
	GlobalSection(SolutionProperties) = preSolution
		HideSolutionNode = FALSE
	EndGlobalSection
	GlobalSection(ExtensibilityGlobals) = postSolution
		SolutionGuid = {AFF2E385-A4DE-4867-84B8-3909A633C65F}
	EndGlobalSection
EndGlobal
