
Microsoft Visual Studio Solution File, Format Version 12.00
# Visual Studio Version 17
VisualStudioVersion = 17.14.36310.24
MinimumVisualStudioVersion = 10.0.40219.1
Project("{FAE04EC0-301F-11D3-BF4B-00C04F79EFBC}") = "MauiApp1", "MauiApp1\MauiApp1.csproj", "{A591B1C5-3407-4309-87CB-E1E01AA0EF8C}"
EndProject
Global
	GlobalSection(SolutionConfigurationPlatforms) = preSolution
		Debug|Any CPU = Debug|Any CPU
		Debug|x64 = Debug|x64
		Release|Any CPU = Release|Any CPU
		Release|x64 = Release|x64
	EndGlobalSection
	GlobalSection(ProjectConfigurationPlatforms) = postSolution
		{A591B1C5-3407-4309-87CB-E1E01AA0EF8C}.Debug|Any CPU.ActiveCfg = Debug|Any CPU
		{A591B1C5-3407-4309-87CB-E1E01AA0EF8C}.Debug|Any CPU.Build.0 = Debug|Any CPU
		{A591B1C5-3407-4309-87CB-E1E01AA0EF8C}.Debug|x64.ActiveCfg = Debug|x64
		{A591B1C5-3407-4309-87CB-E1E01AA0EF8C}.Debug|x64.Build.0 = Debug|x64
		{A591B1C5-3407-4309-87CB-E1E01AA0EF8C}.Debug|x64.Deploy.0 = Debug|x64
		{A591B1C5-3407-4309-87CB-E1E01AA0EF8C}.Release|Any CPU.ActiveCfg = Release|Any CPU
		{A591B1C5-3407-4309-87CB-E1E01AA0EF8C}.Release|Any CPU.Build.0 = Release|Any CPU
		{A591B1C5-3407-4309-87CB-E1E01AA0EF8C}.Release|x64.ActiveCfg = Release|x64
		{A591B1C5-3407-4309-87CB-E1E01AA0EF8C}.Release|x64.Build.0 = Release|x64
	EndGlobalSection
	GlobalSection(SolutionProperties) = preSolution
		HideSolutionNode = FALSE
	EndGlobalSection
	GlobalSection(ExtensibilityGlobals) = postSolution
		SolutionGuid = {0FFCDE89-80F3-4F4E-B704-BCF1E936A7BD}
	EndGlobalSection
EndGlobal
